// !$*UTF8*$!
{
	archiveVersion = 1;
	classes = {
	};
	objectVersion = 46;
	objects = {

/* Begin PBXBuildFile section */
		D86106671EBB9D39009A8AF2 /* AppDelegate.swift in Sources */ = {isa = PBXBuildFile; fileRef = D86106661EBB9D39009A8AF2 /* AppDelegate.swift */; };
		D86106691EBB9D39009A8AF2 /* GameScene.sks in Resources */ = {isa = PBXBuildFile; fileRef = D86106681EBB9D39009A8AF2 /* GameScene.sks */; };
		D861066B1EBB9D39009A8AF2 /* Actions.sks in Resources */ = {isa = PBXBuildFile; fileRef = D861066A1EBB9D39009A8AF2 /* Actions.sks */; };
		D861066D1EBB9D39009A8AF2 /* GameScene.swift in Sources */ = {isa = PBXBuildFile; fileRef = D861066C1EBB9D39009A8AF2 /* GameScene.swift */; };
		D861066F1EBB9D39009A8AF2 /* GameViewController.swift in Sources */ = {isa = PBXBuildFile; fileRef = D861066E1EBB9D39009A8AF2 /* GameViewController.swift */; };
		D86106721EBB9D39009A8AF2 /* Main.storyboard in Resources */ = {isa = PBXBuildFile; fileRef = D86106701EBB9D39009A8AF2 /* Main.storyboard */; };
		D86106741EBB9D39009A8AF2 /* Assets.xcassets in Resources */ = {isa = PBXBuildFile; fileRef = D86106731EBB9D39009A8AF2 /* Assets.xcassets */; };
		D86106771EBB9D39009A8AF2 /* LaunchScreen.storyboard in Resources */ = {isa = PBXBuildFile; fileRef = D86106751EBB9D39009A8AF2 /* LaunchScreen.storyboard */; };
/* End PBXBuildFile section */

/* Begin PBXFileReference section */
		D86106631EBB9D39009A8AF2 /* PeevedPenguins.app */ = {isa = PBXFileReference; explicitFileType = wrapper.application; includeInIndex = 0; path = PeevedPenguins.app; sourceTree = BUILT_PRODUCTS_DIR; };
		D86106661EBB9D39009A8AF2 /* AppDelegate.swift */ = {isa = PBXFileReference; lastKnownFileType = sourcecode.swift; path = AppDelegate.swift; sourceTree = "<group>"; };
		D86106681EBB9D39009A8AF2 /* GameScene.sks */ = {isa = PBXFileReference; lastKnownFileType = file.sks; path = GameScene.sks; sourceTree = "<group>"; };
		D861066A1EBB9D39009A8AF2 /* Actions.sks */ = {isa = PBXFileReference; lastKnownFileType = file.sks; path = Actions.sks; sourceTree = "<group>"; };
		D861066C1EBB9D39009A8AF2 /* GameScene.swift */ = {isa = PBXFileReference; lastKnownFileType = sourcecode.swift; path = GameScene.swift; sourceTree = "<group>"; };
		D861066E1EBB9D39009A8AF2 /* GameViewController.swift */ = {isa = PBXFileReference; lastKnownFileType = sourcecode.swift; path = GameViewController.swift; sourceTree = "<group>"; };
		D86106711EBB9D39009A8AF2 /* Base */ = {isa = PBXFileReference; lastKnownFileType = file.storyboard; name = Base; path = Base.lproj/Main.storyboard; sourceTree = "<group>"; };
		D86106731EBB9D39009A8AF2 /* Assets.xcassets */ = {isa = PBXFileReference; lastKnownFileType = folder.assetcatalog; path = Assets.xcassets; sourceTree = "<group>"; };
		D86106761EBB9D39009A8AF2 /* Base */ = {isa = PBXFileReference; lastKnownFileType = file.storyboard; name = Base; path = Base.lproj/LaunchScreen.storyboard; sourceTree = "<group>"; };
		D86106781EBB9D39009A8AF2 /* Info.plist */ = {isa = PBXFileReference; lastKnownFileType = text.plist.xml; path = Info.plist; sourceTree = "<group>"; };
/* End PBXFileReference section */

/* Begin PBXFrameworksBuildPhase section */
		D86106601EBB9D39009A8AF2 /* Frameworks */ = {
			isa = PBXFrameworksBuildPhase;
			buildActionMask = 2147483647;
			files = (
			);
			runOnlyForDeploymentPostprocessing = 0;
		};
/* End PBXFrameworksBuildPhase section */

/* Begin PBXGroup section */
		D861065A1EBB9D39009A8AF2 = {
			isa = PBXGroup;
			children = (
				D86106651EBB9D39009A8AF2 /* PeevedPenguins */,
				D86106641EBB9D39009A8AF2 /* Products */,
			);
			sourceTree = "<group>";
		};
		D86106641EBB9D39009A8AF2 /* Products */ = {
			isa = PBXGroup;
			children = (
				D86106631EBB9D39009A8AF2 /* PeevedPenguins.app */,
			);
			name = Products;
			sourceTree = "<group>";
		};
		D86106651EBB9D39009A8AF2 /* PeevedPenguins */ = {
			isa = PBXGroup;
			children = (
				D86106661EBB9D39009A8AF2 /* AppDelegate.swift */,
				D86106681EBB9D39009A8AF2 /* GameScene.sks */,
				D861066A1EBB9D39009A8AF2 /* Actions.sks */,
				D861066C1EBB9D39009A8AF2 /* GameScene.swift */,
				D861066E1EBB9D39009A8AF2 /* GameViewController.swift */,
				D86106701EBB9D39009A8AF2 /* Main.storyboard */,
				D86106731EBB9D39009A8AF2 /* Assets.xcassets */,
				D86106751EBB9D39009A8AF2 /* LaunchScreen.storyboard */,
				D86106781EBB9D39009A8AF2 /* Info.plist */,
			);
			path = PeevedPenguins;
			sourceTree = "<group>";
		};
/* End PBXGroup section */

/* Begin PBXNativeTarget section */
		D86106621EBB9D39009A8AF2 /* PeevedPenguins */ = {
			isa = PBXNativeTarget;
			buildConfigurationList = D861067B1EBB9D39009A8AF2 /* Build configuration list for PBXNativeTarget "PeevedPenguins" */;
			buildPhases = (
				D861065F1EBB9D39009A8AF2 /* Sources */,
				D86106601EBB9D39009A8AF2 /* Frameworks */,
				D86106611EBB9D39009A8AF2 /* Resources */,
			);
			buildRules = (
			);
			dependencies = (
			);
			name = PeevedPenguins;
			productName = PeevedPenguins;
			productReference = D86106631EBB9D39009A8AF2 /* PeevedPenguins.app */;
			productType = "com.apple.product-type.application";
		};
/* End PBXNativeTarget section */

/* Begin PBXProject section */
		D861065B1EBB9D39009A8AF2 /* Project object */ = {
			isa = PBXProject;
			attributes = {
				LastSwiftUpdateCheck = 0830;
				LastUpgradeCheck = 0830;
				ORGANIZATIONNAME = "Mitchell Hudson";
				TargetAttributes = {
					D86106621EBB9D39009A8AF2 = {
						CreatedOnToolsVersion = 8.3.2;
						DevelopmentTeam = 753UQ7TNXJ;
						ProvisioningStyle = Automatic;
					};
				};
			};
			buildConfigurationList = D861065E1EBB9D39009A8AF2 /* Build configuration list for PBXProject "PeevedPenguins" */;
			compatibilityVersion = "Xcode 3.2";
			developmentRegion = English;
			hasScannedForEncodings = 0;
			knownRegions = (
				en,
				Base,
			);
			mainGroup = D861065A1EBB9D39009A8AF2;
			productRefGroup = D86106641EBB9D39009A8AF2 /* Products */;
			projectDirPath = "";
			projectRoot = "";
			targets = (
				D86106621EBB9D39009A8AF2 /* PeevedPenguins */,
			);
		};
/* End PBXProject section */

/* Begin PBXResourcesBuildPhase section */
		D86106611EBB9D39009A8AF2 /* Resources */ = {
			isa = PBXResourcesBuildPhase;
			buildActionMask = 2147483647;
			files = (
				D86106721EBB9D39009A8AF2 /* Main.storyboard in Resources */,
				D86106691EBB9D39009A8AF2 /* GameScene.sks in Resources */,
				D86106741EBB9D39009A8AF2 /* Assets.xcassets in Resources */,
				D86106771EBB9D39009A8AF2 /* LaunchScreen.storyboard in Resources */,
				D861066B1EBB9D39009A8AF2 /* Actions.sks in Resources */,
			);
			runOnlyForDeploymentPostprocessing = 0;
		};
/* End PBXResourcesBuildPhase section */

/* Begin PBXSourcesBuildPhase section */
		D861065F1EBB9D39009A8AF2 /* Sources */ = {
			isa = PBXSourcesBuildPhase;
			buildActionMask = 2147483647;
			files = (
				D861066D1EBB9D39009A8AF2 /* GameScene.swift in Sources */,
				D861066F1EBB9D39009A8AF2 /* GameViewController.swift in Sources */,
				D86106671EBB9D39009A8AF2 /* AppDelegate.swift in Sources */,
			);
			runOnlyForDeploymentPostprocessing = 0;
		};
/* End PBXSourcesBuildPhase section */

/* Begin PBXVariantGroup section */
		D86106701EBB9D39009A8AF2 /* Main.storyboard */ = {
			isa = PBXVariantGroup;
			children = (
				D86106711EBB9D39009A8AF2 /* Base */,
			);
			name = Main.storyboard;
			sourceTree = "<group>";
		};
		D86106751EBB9D39009A8AF2 /* LaunchScreen.storyboard */ = {
			isa = PBXVariantGroup;
			children = (
				D86106761EBB9D39009A8AF2 /* Base */,
			);
			name = LaunchScreen.storyboard;
			sourceTree = "<group>";
		};
/* End PBXVariantGroup section */

/* Begin XCBuildConfiguration section */
		D86106791EBB9D39009A8AF2 /* Debug */ = {
			isa = XCBuildConfiguration;
			buildSettings = {
				ALWAYS_SEARCH_USER_PATHS = NO;
				CLANG_ANALYZER_NONNULL = YES;
				CLANG_ANALYZER_NUMBER_OBJECT_CONVERSION = YES_AGGRESSIVE;
				CLANG_CXX_LANGUAGE_STANDARD = "gnu++0x";
				CLANG_CXX_LIBRARY = "libc++";
				CLANG_ENABLE_MODULES = YES;
				CLANG_ENABLE_OBJC_ARC = YES;
				CLANG_WARN_BOOL_CONVERSION = YES;
				CLANG_WARN_CONSTANT_CONVERSION = YES;
				CLANG_WARN_DIRECT_OBJC_ISA_USAGE = YES_ERROR;
				CLANG_WARN_DOCUMENTATION_COMMENTS = YES;
				CLANG_WARN_EMPTY_BODY = YES;
				CLANG_WARN_ENUM_CONVERSION = YES;
				CLANG_WARN_INFINITE_RECURSION = YES;
				CLANG_WARN_INT_CONVERSION = YES;
				CLANG_WARN_OBJC_ROOT_CLASS = YES_ERROR;
				CLANG_WARN_SUSPICIOUS_MOVE = YES;
				CLANG_WARN_UNREACHABLE_CODE = YES;
				CLANG_WARN__DUPLICATE_METHOD_MATCH = YES;
				"CODE_SIGN_IDENTITY[sdk=iphoneos*]" = "iPhone Developer";
				COPY_PHASE_STRIP = NO;
				DEBUG_INFORMATION_FORMAT = dwarf;
				ENABLE_STRICT_OBJC_MSGSEND = YES;
				ENABLE_TESTABILITY = YES;
				GCC_C_LANGUAGE_STANDARD = gnu99;
				GCC_DYNAMIC_NO_PIC = NO;
				GCC_NO_COMMON_BLOCKS = YES;
				GCC_OPTIMIZATION_LEVEL = 0;
				GCC_PREPROCESSOR_DEFINITIONS = (
					"DEBUG=1",
					"$(inherited)",
				);
				GCC_WARN_64_TO_32_BIT_CONVERSION = YES;
				GCC_WARN_ABOUT_RETURN_TYPE = YES_ERROR;
				GCC_WARN_UNDECLARED_SELECTOR = YES;
				GCC_WARN_UNINITIALIZED_AUTOS = YES_AGGRESSIVE;
				GCC_WARN_UNUSED_FUNCTION = YES;
				GCC_WARN_UNUSED_VARIABLE = YES;
				IPHONEOS_DEPLOYMENT_TARGET = 10.3;
				MTL_ENABLE_DEBUG_INFO = YES;
				ONLY_ACTIVE_ARCH = YES;
				SDKROOT = iphoneos;
				SWIFT_ACTIVE_COMPILATION_CONDITIONS = DEBUG;
				SWIFT_OPTIMIZATION_LEVEL = "-Onone";
			};
			name = Debug;
		};
		D861067A1EBB9D39009A8AF2 /* Release */ = {
			isa = XCBuildConfiguration;
			buildSettings = {
				ALWAYS_SEARCH_USER_PATHS = NO;
				CLANG_ANALYZER_NONNULL = YES;
				CLANG_ANALYZER_NUMBER_OBJECT_CONVERSION = YES_AGGRESSIVE;
				CLANG_CXX_LANGUAGE_STANDARD = "gnu++0x";
				CLANG_CXX_LIBRARY = "libc++";
				CLANG_ENABLE_MODULES = YES;
				CLANG_ENABLE_OBJC_ARC = YES;
				CLANG_WARN_BOOL_CONVERSION = YES;
				CLANG_WARN_CONSTANT_CONVERSION = YES;
				CLANG_WARN_DIRECT_OBJC_ISA_USAGE = YES_ERROR;
				CLANG_WARN_DOCUMENTATION_COMMENTS = YES;
				CLANG_WARN_EMPTY_BODY = YES;
				CLANG_WARN_ENUM_CONVERSION = YES;
				CLANG_WARN_INFINITE_RECURSION = YES;
				CLANG_WARN_INT_CONVERSION = YES;
				CLANG_WARN_OBJC_ROOT_CLASS = YES_ERROR;
				CLANG_WARN_SUSPICIOUS_MOVE = YES;
				CLANG_WARN_UNREACHABLE_CODE = YES;
				CLANG_WARN__DUPLICATE_METHOD_MATCH = YES;
				"CODE_SIGN_IDENTITY[sdk=iphoneos*]" = "iPhone Developer";
				COPY_PHASE_STRIP = NO;
				DEBUG_INFORMATION_FORMAT = "dwarf-with-dsym";
				ENABLE_NS_ASSERTIONS = NO;
				ENABLE_STRICT_OBJC_MSGSEND = YES;
				GCC_C_LANGUAGE_STANDARD = gnu99;
				GCC_NO_COMMON_BLOCKS = YES;
				GCC_WARN_64_TO_32_BIT_CONVERSION = YES;
				GCC_WARN_ABOUT_RETURN_TYPE = YES_ERROR;
				GCC_WARN_UNDECLARED_SELECTOR = YES;
				GCC_WARN_UNINITIALIZED_AUTOS = YES_AGGRESSIVE;
				GCC_WARN_UNUSED_FUNCTION = YES;
				GCC_WARN_UNUSED_VARIABLE = YES;
				IPHONEOS_DEPLOYMENT_TARGET = 10.3;
				MTL_ENABLE_DEBUG_INFO = NO;
				SDKROOT = iphoneos;
				SWIFT_OPTIMIZATION_LEVEL = "-Owholemodule";
				VALIDATE_PRODUCT = YES;
			};
			name = Release;
		};
		D861067C1EBB9D39009A8AF2 /* Debug */ = {
			isa = XCBuildConfiguration;
			buildSettings = {
				ASSETCATALOG_COMPILER_APPICON_NAME = AppIcon;
				DEVELOPMENT_TEAM = 753UQ7TNXJ;
				INFOPLIST_FILE = PeevedPenguins/Info.plist;
				LD_RUNPATH_SEARCH_PATHS = "$(inherited) @executable_path/Frameworks";
				PRODUCT_BUNDLE_IDENTIFIER = com.webdevils.PeevedPenguins;
				PRODUCT_NAME = "$(TARGET_NAME)";
				SWIFT_VERSION = 3.0;
			};
			name = Debug;
		};
		D861067D1EBB9D39009A8AF2 /* Release */ = {
			isa = XCBuildConfiguration;
			buildSettings = {
				ASSETCATALOG_COMPILER_APPICON_NAME = AppIcon;
				DEVELOPMENT_TEAM = 753UQ7TNXJ;
				INFOPLIST_FILE = PeevedPenguins/Info.plist;
				LD_RUNPATH_SEARCH_PATHS = "$(inherited) @executable_path/Frameworks";
				PRODUCT_BUNDLE_IDENTIFIER = com.webdevils.PeevedPenguins;
				PRODUCT_NAME = "$(TARGET_NAME)";
				SWIFT_VERSION = 3.0;
			};
			name = Release;
		};
/* End XCBuildConfiguration section */

/* Begin XCConfigurationList section */
		D861065E1EBB9D39009A8AF2 /* Build configuration list for PBXProject "PeevedPenguins" */ = {
			isa = XCConfigurationList;
			buildConfigurations = (
				D86106791EBB9D39009A8AF2 /* Debug */,
				D861067A1EBB9D39009A8AF2 /* Release */,
			);
			defaultConfigurationIsVisible = 0;
			defaultConfigurationName = Release;
		};
		D861067B1EBB9D39009A8AF2 /* Build configuration list for PBXNativeTarget "PeevedPenguins" */ = {
			isa = XCConfigurationList;
			buildConfigurations = (
				D861067C1EBB9D39009A8AF2 /* Debug */,
				D861067D1EBB9D39009A8AF2 /* Release */,
			);
			defaultConfigurationIsVisible = 0;
		};
/* End XCConfigurationList section */
	};
	rootObject = D861065B1EBB9D39009A8AF2 /* Project object */;
}
